PODS:
  - ZJYCeShiDetailServiceProtocol (0.0.4)
  - ZJYCeShiProtocolManager (0.0.4)

DEPENDENCIES:
  - ZJYCeShiDetailServiceProtocol
  - ZJYCeShiProtocolManager

SPEC CHECKSUMS:
  ZJYCeShiDetailServiceProtocol: 1c98050b584c37112fd3adfdb43ae20d65a1c45a
  ZJYCeShiProtocolManager: 9b0c1e4643415f01c992cb26e31350e4bd0b308b

PODFILE CHECKSUM: 4078c57a5c435ce24561a31ccc472011205971aa

COCOAPODS: 1.1.1
