PODS:
  - ZJYCeShiDetailServiceProtocol (0.0.2)
  - ZJYCeShiProtocolManager (0.0.1)

DEPENDENCIES:
  - ZJYCeShiDetailServiceProtocol
  - ZJYCeShiProtocolManager

SPEC CHECKSUMS:
  ZJYCeShiDetailServiceProtocol: a81f439e54ecfe14dfa6650cd31793313caf0b89
  ZJYCeShiProtocolManager: 4e9a413e922979fa4521321394de9f273606f838

PODFILE CHECKSUM: 4078c57a5c435ce24561a31ccc472011205971aa

COCOAPODS: 1.1.1
